
Microsoft Visual Studio Solution File, Format Version 12.00
# Visual Studio Version 16
VisualStudioVersion = 25.0.1706.1
MinimumVisualStudioVersion = 10.0.40219.1
Project("{FAE04EC0-301F-11D3-BF4B-00C04F79EFBC}") = "DateNight", "DateNight\DateNight.csproj", "{A58D13DC-D16C-48E6-B197-438BD36F4356}"
EndProject
Global
	GlobalSection(SolutionConfigurationPlatforms) = preSolution
		Debug|Any CPU = Debug|Any CPU
		Release|Any CPU = Release|Any CPU
	EndGlobalSection
	GlobalSection(ProjectConfigurationPlatforms) = postSolution
		{A58D13DC-D16C-48E6-B197-438BD36F4356}.Debug|Any CPU.ActiveCfg = Debug|Any CPU
		{A58D13DC-D16C-48E6-B197-438BD36F4356}.Debug|Any CPU.Build.0 = Debug|Any CPU
		{A58D13DC-D16C-48E6-B197-438BD36F4356}.Release|Any CPU.ActiveCfg = Release|Any CPU
		{A58D13DC-D16C-48E6-B197-438BD36F4356}.Release|Any CPU.Build.0 = Release|Any CPU
	EndGlobalSection
	GlobalSection(SolutionProperties) = preSolution
		HideSolutionNode = FALSE
	EndGlobalSection
	GlobalSection(ExtensibilityGlobals) = postSolution
		SolutionGuid = {9E11C95C-BFC4-48A7-A04A-44209A944A79}
	EndGlobalSection
EndGlobal
