
Microsoft Visual Studio Solution File, Format Version 12.00
# Visual Studio Version 16
VisualStudioVersion = 25.0.1706.1
MinimumVisualStudioVersion = 10.0.40219.1
Project("{FAE04EC0-301F-11D3-BF4B-00C04F79EFBC}") = "TimerPro", "TimerPro\TimerPro.csproj", "{A35757DA-8FDA-471A-ACFC-1A7EA9411479}"
EndProject
Global
	GlobalSection(SolutionConfigurationPlatforms) = preSolution
		Debug|Any CPU = Debug|Any CPU
		Release|Any CPU = Release|Any CPU
	EndGlobalSection
	GlobalSection(ProjectConfigurationPlatforms) = postSolution
		{A35757DA-8FDA-471A-ACFC-1A7EA9411479}.Debug|Any CPU.ActiveCfg = Debug|Any CPU
		{A35757DA-8FDA-471A-ACFC-1A7EA9411479}.Debug|Any CPU.Build.0 = Debug|Any CPU
		{A35757DA-8FDA-471A-ACFC-1A7EA9411479}.Release|Any CPU.ActiveCfg = Release|Any CPU
		{A35757DA-8FDA-471A-ACFC-1A7EA9411479}.Release|Any CPU.Build.0 = Release|Any CPU
	EndGlobalSection
	GlobalSection(SolutionProperties) = preSolution
		HideSolutionNode = FALSE
	EndGlobalSection
	GlobalSection(ExtensibilityGlobals) = postSolution
		SolutionGuid = {999C1798-DCE9-498B-BB41-497AD8E47D0C}
	EndGlobalSection
EndGlobal
